PODS:
  - AWSCore (2.24.0)
  - Tangram-es (0.16.1)

DEPENDENCIES:
  - AWSCore
  - Tangram-es

SPEC REPOS:
  trunk:
    - AWSCore
    - Tangram-es

SPEC CHECKSUMS:
  AWSCore: d5cd1311b33a4ae9faacda839c0ac9fff711cd79
  Tangram-es: daf4c177f864505df5125f83c2d8ba857165aea1

PODFILE CHECKSUM: cb64538e353d8215ccafc4ef0eaa2cd61f8bca05

COCOAPODS: 1.10.1
