{
  "object": {
    "pins": [
      {
        "package": "maplibre-gl-native",
        "repositoryURL": "https://github.com/maptiler/maplibre-gl-native-distribution",
        "state": {
          "branch": null,
          "revision": "7eaf6a9741e1a2bd698c4dfc4184cfa138f2aba3",
          "version": "5.10.0"
        }
      }
    ]
  },
  "version": 1
}
