{
  "object": {
    "pins": [
      {
        "package": "MapLibre GL Native",
        "repositoryURL": "https://github.com/maptiler/maplibre-gl-native-distribution",
        "state": {
          "branch": null,
          "revision": "dc28d9ad9e1b5c52cdeab26e2fe1781db4974e9a",
          "version": "5.11.0"
        }
      }
    ]
  },
  "version": 1
}
