{
  "pins" : [
    {
      "identity" : "amplify-ios",
      "kind" : "remoteSourceControl",
      "location" : "https://github.com/aws-amplify/amplify-ios",
      "state" : {
        "branch" : "main",
        "revision" : "ae3e851f8dfa8f890c761022189105e3168670bf"
      }
    },
    {
      "identity" : "amplify-ios-maplibre",
      "kind" : "remoteSourceControl",
      "location" : "https://github.com/aws-amplify/amplify-ios-maplibre",
      "state" : {
        "branch" : "main",
        "revision" : "7b00f8f7eb14202418f43fccb06fdaff61b3182f"
      }
    },
    {
      "identity" : "aws-appsync-realtime-client-ios",
      "kind" : "remoteSourceControl",
      "location" : "https://github.com/aws-amplify/aws-appsync-realtime-client-ios.git",
      "state" : {
        "revision" : "da88cf1cab82e281e7277cd9feb9efc87a057041",
        "version" : "2.1.1"
      }
    },
    {
      "identity" : "aws-sdk-ios-spm",
      "kind" : "remoteSourceControl",
      "location" : "https://github.com/aws-amplify/aws-sdk-ios-spm.git",
      "state" : {
        "revision" : "684d321aad2e8f17aacd86c8494a79f1f485c707",
        "version" : "2.27.13"
      }
    },
    {
      "identity" : "maplibre-gl-native-distribution",
      "kind" : "remoteSourceControl",
      "location" : "https://github.com/maplibre/maplibre-gl-native-distribution",
      "state" : {
        "revision" : "d524c18d8c572db72c753f88492c36b9749725e1",
        "version" : "5.12.0"
      }
    },
    {
      "identity" : "sqlite.swift",
      "kind" : "remoteSourceControl",
      "location" : "https://github.com/stephencelis/SQLite.swift.git",
      "state" : {
        "revision" : "5f5ad81ac0d0a0f3e56e39e646e8423c617df523",
        "version" : "0.13.2"
      }
    },
    {
      "identity" : "starscream",
      "kind" : "remoteSourceControl",
      "location" : "https://github.com/daltoniam/Starscream",
      "state" : {
        "revision" : "df8d82047f6654d8e4b655d1b1525c64e1059d21",
        "version" : "4.0.4"
      }
    }
  ],
  "version" : 2
}
